// !$*UTF8*$!
{
	archiveVersion = 1;
	classes = {
	};
	objectVersion = 46;
	objects = {

/* Begin PBXBuildFile section */
		849B0F6C1B8D9B400098FFF7 /* main.cpp in Sources */ = {isa = PBXBuildFile; fileRef = 849B0F6B1B8D9B400098FFF7 /* main.cpp */; };
/* End PBXBuildFile section */

/* Begin PBXCopyFilesBuildPhase section */
		849B0F661B8D9B400098FFF7 /* CopyFiles */ = {
			isa = PBXCopyFilesBuildPhase;
			buildActionMask = 2147483647;
			dstPath = /usr/share/man/man1/;
			dstSubfolderSpec = 0;
			files = (
			);
			runOnlyForDeploymentPostprocessing = 1;
		};
/* End PBXCopyFilesBuildPhase section */

/* Begin PBXFileReference section */
		845929621BAD1B6A003702BE /* animals.txt */ = {isa = PBXFileReference; lastKnownFileType = text; path = animals.txt; sourceTree = "<group>"; };
		845929641BAD1B75003702BE /* prepositions.txt */ = {isa = PBXFileReference; lastKnownFileType = text; path = prepositions.txt; sourceTree = "<group>"; };
		845929651BAD1B75003702BE /* verbs.txt */ = {isa = PBXFileReference; lastKnownFileType = text; path = verbs.txt; sourceTree = "<group>"; };
		845929661BAD1B82003702BE /* adjectives.txt */ = {isa = PBXFileReference; lastKnownFileType = text; path = adjectives.txt; sourceTree = "<group>"; };
		845929671BAD1B9B003702BE /* colors.txt */ = {isa = PBXFileReference; lastKnownFileType = text; path = colors.txt; sourceTree = "<group>"; };
		849B0F681B8D9B400098FFF7 /* Pangram generator */ = {isa = PBXFileReference; explicitFileType = "compiled.mach-o.executable"; includeInIndex = 0; path = "Pangram generator"; sourceTree = BUILT_PRODUCTS_DIR; };
		849B0F6B1B8D9B400098FFF7 /* main.cpp */ = {isa = PBXFileReference; lastKnownFileType = sourcecode.cpp.cpp; path = main.cpp; sourceTree = "<group>"; };
/* End PBXFileReference section */

/* Begin PBXFrameworksBuildPhase section */
		849B0F651B8D9B400098FFF7 /* Frameworks */ = {
			isa = PBXFrameworksBuildPhase;
			buildActionMask = 2147483647;
			files = (
			);
			runOnlyForDeploymentPostprocessing = 0;
		};
/* End PBXFrameworksBuildPhase section */

/* Begin PBXGroup section */
		849B0F5F1B8D9B400098FFF7 = {
			isa = PBXGroup;
			children = (
				849B0F6A1B8D9B400098FFF7 /* Pangram generator */,
				849B0F691B8D9B400098FFF7 /* Products */,
			);
			sourceTree = "<group>";
		};
		849B0F691B8D9B400098FFF7 /* Products */ = {
			isa = PBXGroup;
			children = (
				849B0F681B8D9B400098FFF7 /* Pangram generator */,
			);
			name = Products;
			sourceTree = "<group>";
		};
		849B0F6A1B8D9B400098FFF7 /* Pangram generator */ = {
			isa = PBXGroup;
			children = (
				845929671BAD1B9B003702BE /* colors.txt */,
				845929641BAD1B75003702BE /* prepositions.txt */,
				845929651BAD1B75003702BE /* verbs.txt */,
				845929661BAD1B82003702BE /* adjectives.txt */,
				845929621BAD1B6A003702BE /* animals.txt */,
				849B0F6B1B8D9B400098FFF7 /* main.cpp */,
			);
			path = "Pangram generator";
			sourceTree = "<group>";
		};
/* End PBXGroup section */

/* Begin PBXNativeTarget section */
		849B0F671B8D9B400098FFF7 /* Pangram generator */ = {
			isa = PBXNativeTarget;
			buildConfigurationList = 849B0F6F1B8D9B400098FFF7 /* Build configuration list for PBXNativeTarget "Pangram generator" */;
			buildPhases = (
				849B0F641B8D9B400098FFF7 /* Sources */,
				849B0F651B8D9B400098FFF7 /* Frameworks */,
				849B0F661B8D9B400098FFF7 /* CopyFiles */,
			);
			buildRules = (
			);
			dependencies = (
			);
			name = "Pangram generator";
			productName = "Pangram generator";
			productReference = 849B0F681B8D9B400098FFF7 /* Pangram generator */;
			productType = "com.apple.product-type.tool";
		};
/* End PBXNativeTarget section */

/* Begin PBXProject section */
		849B0F601B8D9B400098FFF7 /* Project object */ = {
			isa = PBXProject;
			attributes = {
				LastUpgradeCheck = 0610;
				ORGANIZATIONNAME = "Cameron Kemper";
				TargetAttributes = {
					849B0F671B8D9B400098FFF7 = {
						CreatedOnToolsVersion = 6.1.1;
					};
				};
			};
			buildConfigurationList = 849B0F631B8D9B400098FFF7 /* Build configuration list for PBXProject "Pangram generator" */;
			compatibilityVersion = "Xcode 3.2";
			developmentRegion = English;
			hasScannedForEncodings = 0;
			knownRegions = (
				en,
			);
			mainGroup = 849B0F5F1B8D9B400098FFF7;
			productRefGroup = 849B0F691B8D9B400098FFF7 /* Products */;
			projectDirPath = "";
			projectRoot = "";
			targets = (
				849B0F671B8D9B400098FFF7 /* Pangram generator */,
			);
		};
/* End PBXProject section */

/* Begin PBXSourcesBuildPhase section */
		849B0F641B8D9B400098FFF7 /* Sources */ = {
			isa = PBXSourcesBuildPhase;
			buildActionMask = 2147483647;
			files = (
				849B0F6C1B8D9B400098FFF7 /* main.cpp in Sources */,
			);
			runOnlyForDeploymentPostprocessing = 0;
		};
/* End PBXSourcesBuildPhase section */

/* Begin XCBuildConfiguration section */
		849B0F6D1B8D9B400098FFF7 /* Debug */ = {
			isa = XCBuildConfiguration;
			buildSettings = {
				ALWAYS_SEARCH_USER_PATHS = NO;
				CLANG_CXX_LANGUAGE_STANDARD = "gnu++0x";
				CLANG_CXX_LIBRARY = "libc++";
				CLANG_ENABLE_MODULES = YES;
				CLANG_ENABLE_OBJC_ARC = YES;
				CLANG_WARN_BOOL_CONVERSION = YES;
				CLANG_WARN_CONSTANT_CONVERSION = YES;
				CLANG_WARN_DIRECT_OBJC_ISA_USAGE = YES_ERROR;
				CLANG_WARN_EMPTY_BODY = YES;
				CLANG_WARN_ENUM_CONVERSION = YES;
				CLANG_WARN_INT_CONVERSION = YES;
				CLANG_WARN_OBJC_ROOT_CLASS = YES_ERROR;
				CLANG_WARN_UNREACHABLE_CODE = YES;
				CLANG_WARN__DUPLICATE_METHOD_MATCH = YES;
				COPY_PHASE_STRIP = NO;
				ENABLE_STRICT_OBJC_MSGSEND = YES;
				GCC_C_LANGUAGE_STANDARD = gnu99;
				GCC_DYNAMIC_NO_PIC = NO;
				GCC_OPTIMIZATION_LEVEL = 0;
				GCC_PREPROCESSOR_DEFINITIONS = (
					"DEBUG=1",
					"$(inherited)",
				);
				GCC_SYMBOLS_PRIVATE_EXTERN = NO;
				GCC_WARN_64_TO_32_BIT_CONVERSION = YES;
				GCC_WARN_ABOUT_RETURN_TYPE = YES_ERROR;
				GCC_WARN_UNDECLARED_SELECTOR = YES;
				GCC_WARN_UNINITIALIZED_AUTOS = YES_AGGRESSIVE;
				GCC_WARN_UNUSED_FUNCTION = YES;
				GCC_WARN_UNUSED_VARIABLE = YES;
				MACOSX_DEPLOYMENT_TARGET = 10.9;
				MTL_ENABLE_DEBUG_INFO = YES;
				ONLY_ACTIVE_ARCH = YES;
				SDKROOT = macosx;
			};
			name = Debug;
		};
		849B0F6E1B8D9B400098FFF7 /* Release */ = {
			isa = XCBuildConfiguration;
			buildSettings = {
				ALWAYS_SEARCH_USER_PATHS = NO;
				CLANG_CXX_LANGUAGE_STANDARD = "gnu++0x";
				CLANG_CXX_LIBRARY = "libc++";
				CLANG_ENABLE_MODULES = YES;
				CLANG_ENABLE_OBJC_ARC = YES;
				CLANG_WARN_BOOL_CONVERSION = YES;
				CLANG_WARN_CONSTANT_CONVERSION = YES;
				CLANG_WARN_DIRECT_OBJC_ISA_USAGE = YES_ERROR;
				CLANG_WARN_EMPTY_BODY = YES;
				CLANG_WARN_ENUM_CONVERSION = YES;
				CLANG_WARN_INT_CONVERSION = YES;
				CLANG_WARN_OBJC_ROOT_CLASS = YES_ERROR;
				CLANG_WARN_UNREACHABLE_CODE = YES;
				CLANG_WARN__DUPLICATE_METHOD_MATCH = YES;
				COPY_PHASE_STRIP = YES;
				DEBUG_INFORMATION_FORMAT = "dwarf-with-dsym";
				ENABLE_NS_ASSERTIONS = NO;
				ENABLE_STRICT_OBJC_MSGSEND = YES;
				GCC_C_LANGUAGE_STANDARD = gnu99;
				GCC_WARN_64_TO_32_BIT_CONVERSION = YES;
				GCC_WARN_ABOUT_RETURN_TYPE = YES_ERROR;
				GCC_WARN_UNDECLARED_SELECTOR = YES;
				GCC_WARN_UNINITIALIZED_AUTOS = YES_AGGRESSIVE;
				GCC_WARN_UNUSED_FUNCTION = YES;
				GCC_WARN_UNUSED_VARIABLE = YES;
				MACOSX_DEPLOYMENT_TARGET = 10.9;
				MTL_ENABLE_DEBUG_INFO = NO;
				SDKROOT = macosx;
			};
			name = Release;
		};
		849B0F701B8D9B400098FFF7 /* Debug */ = {
			isa = XCBuildConfiguration;
			buildSettings = {
				PRODUCT_NAME = "$(TARGET_NAME)";
			};
			name = Debug;
		};
		849B0F711B8D9B400098FFF7 /* Release */ = {
			isa = XCBuildConfiguration;
			buildSettings = {
				PRODUCT_NAME = "$(TARGET_NAME)";
			};
			name = Release;
		};
/* End XCBuildConfiguration section */

/* Begin XCConfigurationList section */
		849B0F631B8D9B400098FFF7 /* Build configuration list for PBXProject "Pangram generator" */ = {
			isa = XCConfigurationList;
			buildConfigurations = (
				849B0F6D1B8D9B400098FFF7 /* Debug */,
				849B0F6E1B8D9B400098FFF7 /* Release */,
			);
			defaultConfigurationIsVisible = 0;
			defaultConfigurationName = Release;
		};
		849B0F6F1B8D9B400098FFF7 /* Build configuration list for PBXNativeTarget "Pangram generator" */ = {
			isa = XCConfigurationList;
			buildConfigurations = (
				849B0F701B8D9B400098FFF7 /* Debug */,
				849B0F711B8D9B400098FFF7 /* Release */,
			);
			defaultConfigurationIsVisible = 0;
			defaultConfigurationName = Release;
		};
/* End XCConfigurationList section */
	};
	rootObject = 849B0F601B8D9B400098FFF7 /* Project object */;
}
